Microsoft Visual Studio Solution File, Format Version 11.00
# Visual Studio 2008

Project("{E234303C-2977-A950-BA2F-BDB5FB22B50C}") = "AlturaFobiaProjeto", "Assembly-CSharp-firstpass.csproj", "{875DD654-AD39-8CCF-3828-85437BBC410D}"
EndProject
Project("{E234303C-2977-A950-BA2F-BDB5FB22B50C}") = "AlturaFobiaProjeto", "Assembly-CSharp.csproj", "{66A6220D-BE37-3284-1CFB-2649890F4A4B}"
EndProject
Project("{E234303C-2977-A950-BA2F-BDB5FB22B50C}") = "AlturaFobiaProjeto", "Assembly-CSharp-Editor.csproj", "{9C0FD514-4ADC-8DAE-46AD-EBD496ABF06C}"
EndProject
Global
	GlobalSection(SolutionConfigurationPlatforms) = preSolution
		Debug|Any CPU = Debug|Any CPU
		Release|Any CPU = Release|Any CPU
	EndGlobalSection
	GlobalSection(ProjectConfigurationPlatforms) = postSolution
		{875DD654-AD39-8CCF-3828-85437BBC410D}.Debug|Any CPU.ActiveCfg = Debug|Any CPU
		{875DD654-AD39-8CCF-3828-85437BBC410D}.Debug|Any CPU.Build.0 = Debug|Any CPU
		{875DD654-AD39-8CCF-3828-85437BBC410D}.Release|Any CPU.ActiveCfg = Release|Any CPU
		{875DD654-AD39-8CCF-3828-85437BBC410D}.Release|Any CPU.Build.0 = Release|Any CPU
		{66A6220D-BE37-3284-1CFB-2649890F4A4B}.Debug|Any CPU.ActiveCfg = Debug|Any CPU
		{66A6220D-BE37-3284-1CFB-2649890F4A4B}.Debug|Any CPU.Build.0 = Debug|Any CPU
		{66A6220D-BE37-3284-1CFB-2649890F4A4B}.Release|Any CPU.ActiveCfg = Release|Any CPU
		{66A6220D-BE37-3284-1CFB-2649890F4A4B}.Release|Any CPU.Build.0 = Release|Any CPU
		{9C0FD514-4ADC-8DAE-46AD-EBD496ABF06C}.Debug|Any CPU.ActiveCfg = Debug|Any CPU
		{9C0FD514-4ADC-8DAE-46AD-EBD496ABF06C}.Debug|Any CPU.Build.0 = Debug|Any CPU
		{9C0FD514-4ADC-8DAE-46AD-EBD496ABF06C}.Release|Any CPU.ActiveCfg = Release|Any CPU
		{9C0FD514-4ADC-8DAE-46AD-EBD496ABF06C}.Release|Any CPU.Build.0 = Release|Any CPU
	EndGlobalSection
	GlobalSection(SolutionProperties) = preSolution
		HideSolutionNode = FALSE
	EndGlobalSection
	GlobalSection(MonoDevelopProperties) = preSolution
		StartupItem = Assembly-CSharp.csproj
	EndGlobalSection
EndGlobal
